
Microsoft Visual Studio Solution File, Format Version 12.00
# Visual Studio Version 16
VisualStudioVersion = 16.0.28803.352
MinimumVisualStudioVersion = 10.0.40219.1
Project("{FAE04EC0-301F-11D3-BF4B-00C04F79EFBC}") = "MoviApp", "MoviApp\MoviApp.csproj", "{8F52E0BF-856B-4CFA-9C75-9BF2536BF4A6}"
EndProject
Global
	GlobalSection(SolutionConfigurationPlatforms) = preSolution
		Debug|Any CPU = Debug|Any CPU
		Release|Any CPU = Release|Any CPU
	EndGlobalSection
	GlobalSection(ProjectConfigurationPlatforms) = postSolution
		{8F52E0BF-856B-4CFA-9C75-9BF2536BF4A6}.Debug|Any CPU.ActiveCfg = Debug|Any CPU
		{8F52E0BF-856B-4CFA-9C75-9BF2536BF4A6}.Debug|Any CPU.Build.0 = Debug|Any CPU
		{8F52E0BF-856B-4CFA-9C75-9BF2536BF4A6}.Release|Any CPU.ActiveCfg = Release|Any CPU
		{8F52E0BF-856B-4CFA-9C75-9BF2536BF4A6}.Release|Any CPU.Build.0 = Release|Any CPU
	EndGlobalSection
	GlobalSection(SolutionProperties) = preSolution
		HideSolutionNode = FALSE
	EndGlobalSection
	GlobalSection(ExtensibilityGlobals) = postSolution
		SolutionGuid = {F9FA26F5-B4B7-40EA-A5B5-039FAC303201}
	EndGlobalSection
EndGlobal
